
Microsoft Visual Studio Solution File, Format Version 12.00
# Visual Studio 15
VisualStudioVersion = 15.0.28010.2050
MinimumVisualStudioVersion = 10.0.40219.1
Project("{FAE04EC0-301F-11D3-BF4B-00C04F79EFBC}") = "Day1", "Day1\Day1.csproj", "{4004B9CB-3680-4FA3-9972-4FD6F678EB4E}"
EndProject
Global
	GlobalSection(SolutionConfigurationPlatforms) = preSolution
		Debug|Any CPU = Debug|Any CPU
		Release|Any CPU = Release|Any CPU
	EndGlobalSection
	GlobalSection(ProjectConfigurationPlatforms) = postSolution
		{4004B9CB-3680-4FA3-9972-4FD6F678EB4E}.Debug|Any CPU.ActiveCfg = Debug|Any CPU
		{4004B9CB-3680-4FA3-9972-4FD6F678EB4E}.Debug|Any CPU.Build.0 = Debug|Any CPU
		{4004B9CB-3680-4FA3-9972-4FD6F678EB4E}.Release|Any CPU.ActiveCfg = Release|Any CPU
		{4004B9CB-3680-4FA3-9972-4FD6F678EB4E}.Release|Any CPU.Build.0 = Release|Any CPU
	EndGlobalSection
	GlobalSection(SolutionProperties) = preSolution
		HideSolutionNode = FALSE
	EndGlobalSection
	GlobalSection(ExtensibilityGlobals) = postSolution
		SolutionGuid = {B9D0E635-FEC9-4075-BE28-22BFBA41978F}
	EndGlobalSection
EndGlobal
